// !$*UTF8*$!
{
	archiveVersion = 1;
	classes = {
	};
	objectVersion = 50;
	objects = {

/* Begin PBXBuildFile section */
		21E5A3B020C6921600545055 /* AppDelegate.swift in Sources */ = {isa = PBXBuildFile; fileRef = 21E5A3AF20C6921600545055 /* AppDelegate.swift */; };
		21E5A3B220C6921600545055 /* ViewController.swift in Sources */ = {isa = PBXBuildFile; fileRef = 21E5A3B120C6921600545055 /* ViewController.swift */; };
		21E5A3B520C6921600545055 /* Main.storyboard in Resources */ = {isa = PBXBuildFile; fileRef = 21E5A3B320C6921600545055 /* Main.storyboard */; };
		21E5A3B720C6921F00545055 /* Assets.xcassets in Resources */ = {isa = PBXBuildFile; fileRef = 21E5A3B620C6921F00545055 /* Assets.xcassets */; };
		21E5A3BA20C6921F00545055 /* LaunchScreen.storyboard in Resources */ = {isa = PBXBuildFile; fileRef = 21E5A3B820C6921F00545055 /* LaunchScreen.storyboard */; };
		21E5A3C220C6936900545055 /* monster.jpg in Resources */ = {isa = PBXBuildFile; fileRef = 21E5A3C120C6936800545055 /* monster.jpg */; };
		21E5A3C420C6936E00545055 /* monster1.jpg in Resources */ = {isa = PBXBuildFile; fileRef = 21E5A3C320C6936D00545055 /* monster1.jpg */; };
		21E5A3C620C6937300545055 /* monster2.jpg in Resources */ = {isa = PBXBuildFile; fileRef = 21E5A3C520C6937200545055 /* monster2.jpg */; };
/* End PBXBuildFile section */

/* Begin PBXFileReference section */
		21E5A3AC20C6921600545055 /* ３、配列、If、クラス.app */ = {isa = PBXFileReference; explicitFileType = wrapper.application; includeInIndex = 0; path = "３、配列、If、クラス.app"; sourceTree = BUILT_PRODUCTS_DIR; };
		21E5A3AF20C6921600545055 /* AppDelegate.swift */ = {isa = PBXFileReference; lastKnownFileType = sourcecode.swift; path = AppDelegate.swift; sourceTree = "<group>"; };
		21E5A3B120C6921600545055 /* ViewController.swift */ = {isa = PBXFileReference; lastKnownFileType = sourcecode.swift; path = ViewController.swift; sourceTree = "<group>"; };
		21E5A3B420C6921600545055 /* Base */ = {isa = PBXFileReference; lastKnownFileType = file.storyboard; name = Base; path = Base.lproj/Main.storyboard; sourceTree = "<group>"; };
		21E5A3B620C6921F00545055 /* Assets.xcassets */ = {isa = PBXFileReference; lastKnownFileType = folder.assetcatalog; path = Assets.xcassets; sourceTree = "<group>"; };
		21E5A3B920C6921F00545055 /* Base */ = {isa = PBXFileReference; lastKnownFileType = file.storyboard; name = Base; path = Base.lproj/LaunchScreen.storyboard; sourceTree = "<group>"; };
		21E5A3BB20C6921F00545055 /* Info.plist */ = {isa = PBXFileReference; lastKnownFileType = text.plist.xml; path = Info.plist; sourceTree = "<group>"; };
		21E5A3C120C6936800545055 /* monster.jpg */ = {isa = PBXFileReference; lastKnownFileType = image.jpeg; path = monster.jpg; sourceTree = "<group>"; };
		21E5A3C320C6936D00545055 /* monster1.jpg */ = {isa = PBXFileReference; lastKnownFileType = image.jpeg; path = monster1.jpg; sourceTree = "<group>"; };
		21E5A3C520C6937200545055 /* monster2.jpg */ = {isa = PBXFileReference; lastKnownFileType = image.jpeg; path = monster2.jpg; sourceTree = "<group>"; };
/* End PBXFileReference section */

/* Begin PBXFrameworksBuildPhase section */
		21E5A3A920C6921600545055 /* Frameworks */ = {
			isa = PBXFrameworksBuildPhase;
			buildActionMask = 2147483647;
			files = (
			);
			runOnlyForDeploymentPostprocessing = 0;
		};
/* End PBXFrameworksBuildPhase section */

/* Begin PBXGroup section */
		21E5A3A320C6921500545055 = {
			isa = PBXGroup;
			children = (
				21E5A3AE20C6921600545055 /* ３、配列、If、クラス */,
				21E5A3AD20C6921600545055 /* Products */,
			);
			sourceTree = "<group>";
		};
		21E5A3AD20C6921600545055 /* Products */ = {
			isa = PBXGroup;
			children = (
				21E5A3AC20C6921600545055 /* ３、配列、If、クラス.app */,
			);
			name = Products;
			sourceTree = "<group>";
		};
		21E5A3AE20C6921600545055 /* ３、配列、If、クラス */ = {
			isa = PBXGroup;
			children = (
				21E5A3AF20C6921600545055 /* AppDelegate.swift */,
				21E5A3B120C6921600545055 /* ViewController.swift */,
				21E5A3B320C6921600545055 /* Main.storyboard */,
				21E5A3C120C6936800545055 /* monster.jpg */,
				21E5A3C320C6936D00545055 /* monster1.jpg */,
				21E5A3C520C6937200545055 /* monster2.jpg */,
				21E5A3B620C6921F00545055 /* Assets.xcassets */,
				21E5A3B820C6921F00545055 /* LaunchScreen.storyboard */,
				21E5A3BB20C6921F00545055 /* Info.plist */,
			);
			path = "３、配列、If、クラス";
			sourceTree = "<group>";
		};
/* End PBXGroup section */

/* Begin PBXNativeTarget section */
		21E5A3AB20C6921600545055 /* ３、配列、If、クラス */ = {
			isa = PBXNativeTarget;
			buildConfigurationList = 21E5A3BE20C6921F00545055 /* Build configuration list for PBXNativeTarget "３、配列、If、クラス" */;
			buildPhases = (
				21E5A3A820C6921600545055 /* Sources */,
				21E5A3A920C6921600545055 /* Frameworks */,
				21E5A3AA20C6921600545055 /* Resources */,
			);
			buildRules = (
			);
			dependencies = (
			);
			name = "３、配列、If、クラス";
			productName = "３、配列、If、クラス";
			productReference = 21E5A3AC20C6921600545055 /* ３、配列、If、クラス.app */;
			productType = "com.apple.product-type.application";
		};
/* End PBXNativeTarget section */

/* Begin PBXProject section */
		21E5A3A420C6921500545055 /* Project object */ = {
			isa = PBXProject;
			attributes = {
				LastSwiftUpdateCheck = 0930;
				LastUpgradeCheck = 0930;
				ORGANIZATIONNAME = "小野　櫻";
				TargetAttributes = {
					21E5A3AB20C6921600545055 = {
						CreatedOnToolsVersion = 9.3.1;
					};
				};
			};
			buildConfigurationList = 21E5A3A720C6921500545055 /* Build configuration list for PBXProject "３、配列、If、クラス" */;
			compatibilityVersion = "Xcode 9.3";
			developmentRegion = en;
			hasScannedForEncodings = 0;
			knownRegions = (
				en,
				Base,
			);
			mainGroup = 21E5A3A320C6921500545055;
			productRefGroup = 21E5A3AD20C6921600545055 /* Products */;
			projectDirPath = "";
			projectRoot = "";
			targets = (
				21E5A3AB20C6921600545055 /* ３、配列、If、クラス */,
			);
		};
/* End PBXProject section */

/* Begin PBXResourcesBuildPhase section */
		21E5A3AA20C6921600545055 /* Resources */ = {
			isa = PBXResourcesBuildPhase;
			buildActionMask = 2147483647;
			files = (
				21E5A3C220C6936900545055 /* monster.jpg in Resources */,
				21E5A3BA20C6921F00545055 /* LaunchScreen.storyboard in Resources */,
				21E5A3B720C6921F00545055 /* Assets.xcassets in Resources */,
				21E5A3C620C6937300545055 /* monster2.jpg in Resources */,
				21E5A3B520C6921600545055 /* Main.storyboard in Resources */,
				21E5A3C420C6936E00545055 /* monster1.jpg in Resources */,
			);
			runOnlyForDeploymentPostprocessing = 0;
		};
/* End PBXResourcesBuildPhase section */

/* Begin PBXSourcesBuildPhase section */
		21E5A3A820C6921600545055 /* Sources */ = {
			isa = PBXSourcesBuildPhase;
			buildActionMask = 2147483647;
			files = (
				21E5A3B220C6921600545055 /* ViewController.swift in Sources */,
				21E5A3B020C6921600545055 /* AppDelegate.swift in Sources */,
			);
			runOnlyForDeploymentPostprocessing = 0;
		};
/* End PBXSourcesBuildPhase section */

/* Begin PBXVariantGroup section */
		21E5A3B320C6921600545055 /* Main.storyboard */ = {
			isa = PBXVariantGroup;
			children = (
				21E5A3B420C6921600545055 /* Base */,
			);
			name = Main.storyboard;
			sourceTree = "<group>";
		};
		21E5A3B820C6921F00545055 /* LaunchScreen.storyboard */ = {
			isa = PBXVariantGroup;
			children = (
				21E5A3B920C6921F00545055 /* Base */,
			);
			name = LaunchScreen.storyboard;
			sourceTree = "<group>";
		};
/* End PBXVariantGroup section */

/* Begin XCBuildConfiguration section */
		21E5A3BC20C6921F00545055 /* Debug */ = {
			isa = XCBuildConfiguration;
			buildSettings = {
				ALWAYS_SEARCH_USER_PATHS = NO;
				CLANG_ANALYZER_NONNULL = YES;
				CLANG_ANALYZER_NUMBER_OBJECT_CONVERSION = YES_AGGRESSIVE;
				CLANG_CXX_LANGUAGE_STANDARD = "gnu++14";
				CLANG_CXX_LIBRARY = "libc++";
				CLANG_ENABLE_MODULES = YES;
				CLANG_ENABLE_OBJC_ARC = YES;
				CLANG_ENABLE_OBJC_WEAK = YES;
				CLANG_WARN_BLOCK_CAPTURE_AUTORELEASING = YES;
				CLANG_WARN_BOOL_CONVERSION = YES;
				CLANG_WARN_COMMA = YES;
				CLANG_WARN_CONSTANT_CONVERSION = YES;
				CLANG_WARN_DEPRECATED_OBJC_IMPLEMENTATIONS = YES;
				CLANG_WARN_DIRECT_OBJC_ISA_USAGE = YES_ERROR;
				CLANG_WARN_DOCUMENTATION_COMMENTS = YES;
				CLANG_WARN_EMPTY_BODY = YES;
				CLANG_WARN_ENUM_CONVERSION = YES;
				CLANG_WARN_INFINITE_RECURSION = YES;
				CLANG_WARN_INT_CONVERSION = YES;
				CLANG_WARN_NON_LITERAL_NULL_CONVERSION = YES;
				CLANG_WARN_OBJC_IMPLICIT_RETAIN_SELF = YES;
				CLANG_WARN_OBJC_LITERAL_CONVERSION = YES;
				CLANG_WARN_OBJC_ROOT_CLASS = YES_ERROR;
				CLANG_WARN_RANGE_LOOP_ANALYSIS = YES;
				CLANG_WARN_STRICT_PROTOTYPES = YES;
				CLANG_WARN_SUSPICIOUS_MOVE = YES;
				CLANG_WARN_UNGUARDED_AVAILABILITY = YES_AGGRESSIVE;
				CLANG_WARN_UNREACHABLE_CODE = YES;
				CLANG_WARN__DUPLICATE_METHOD_MATCH = YES;
				CODE_SIGN_IDENTITY = "iPhone Developer";
				COPY_PHASE_STRIP = NO;
				DEBUG_INFORMATION_FORMAT = dwarf;
				ENABLE_STRICT_OBJC_MSGSEND = YES;
				ENABLE_TESTABILITY = YES;
				GCC_C_LANGUAGE_STANDARD = gnu11;
				GCC_DYNAMIC_NO_PIC = NO;
				GCC_NO_COMMON_BLOCKS = YES;
				GCC_OPTIMIZATION_LEVEL = 0;
				GCC_PREPROCESSOR_DEFINITIONS = (
					"DEBUG=1",
					"$(inherited)",
				);
				GCC_WARN_64_TO_32_BIT_CONVERSION = YES;
				GCC_WARN_ABOUT_RETURN_TYPE = YES_ERROR;
				GCC_WARN_UNDECLARED_SELECTOR = YES;
				GCC_WARN_UNINITIALIZED_AUTOS = YES_AGGRESSIVE;
				GCC_WARN_UNUSED_FUNCTION = YES;
				GCC_WARN_UNUSED_VARIABLE = YES;
				IPHONEOS_DEPLOYMENT_TARGET = 11.3;
				MTL_ENABLE_DEBUG_INFO = YES;
				ONLY_ACTIVE_ARCH = YES;
				SDKROOT = iphoneos;
				SWIFT_ACTIVE_COMPILATION_CONDITIONS = DEBUG;
				SWIFT_OPTIMIZATION_LEVEL = "-Onone";
			};
			name = Debug;
		};
		21E5A3BD20C6921F00545055 /* Release */ = {
			isa = XCBuildConfiguration;
			buildSettings = {
				ALWAYS_SEARCH_USER_PATHS = NO;
				CLANG_ANALYZER_NONNULL = YES;
				CLANG_ANALYZER_NUMBER_OBJECT_CONVERSION = YES_AGGRESSIVE;
				CLANG_CXX_LANGUAGE_STANDARD = "gnu++14";
				CLANG_CXX_LIBRARY = "libc++";
				CLANG_ENABLE_MODULES = YES;
				CLANG_ENABLE_OBJC_ARC = YES;
				CLANG_ENABLE_OBJC_WEAK = YES;
				CLANG_WARN_BLOCK_CAPTURE_AUTORELEASING = YES;
				CLANG_WARN_BOOL_CONVERSION = YES;
				CLANG_WARN_COMMA = YES;
				CLANG_WARN_CONSTANT_CONVERSION = YES;
				CLANG_WARN_DEPRECATED_OBJC_IMPLEMENTATIONS = YES;
				CLANG_WARN_DIRECT_OBJC_ISA_USAGE = YES_ERROR;
				CLANG_WARN_DOCUMENTATION_COMMENTS = YES;
				CLANG_WARN_EMPTY_BODY = YES;
				CLANG_WARN_ENUM_CONVERSION = YES;
				CLANG_WARN_INFINITE_RECURSION = YES;
				CLANG_WARN_INT_CONVERSION = YES;
				CLANG_WARN_NON_LITERAL_NULL_CONVERSION = YES;
				CLANG_WARN_OBJC_IMPLICIT_RETAIN_SELF = YES;
				CLANG_WARN_OBJC_LITERAL_CONVERSION = YES;
				CLANG_WARN_OBJC_ROOT_CLASS = YES_ERROR;
				CLANG_WARN_RANGE_LOOP_ANALYSIS = YES;
				CLANG_WARN_STRICT_PROTOTYPES = YES;
				CLANG_WARN_SUSPICIOUS_MOVE = YES;
				CLANG_WARN_UNGUARDED_AVAILABILITY = YES_AGGRESSIVE;
				CLANG_WARN_UNREACHABLE_CODE = YES;
				CLANG_WARN__DUPLICATE_METHOD_MATCH = YES;
				CODE_SIGN_IDENTITY = "iPhone Developer";
				COPY_PHASE_STRIP = NO;
				DEBUG_INFORMATION_FORMAT = "dwarf-with-dsym";
				ENABLE_NS_ASSERTIONS = NO;
				ENABLE_STRICT_OBJC_MSGSEND = YES;
				GCC_C_LANGUAGE_STANDARD = gnu11;
				GCC_NO_COMMON_BLOCKS = YES;
				GCC_WARN_64_TO_32_BIT_CONVERSION = YES;
				GCC_WARN_ABOUT_RETURN_TYPE = YES_ERROR;
				GCC_WARN_UNDECLARED_SELECTOR = YES;
				GCC_WARN_UNINITIALIZED_AUTOS = YES_AGGRESSIVE;
				GCC_WARN_UNUSED_FUNCTION = YES;
				GCC_WARN_UNUSED_VARIABLE = YES;
				IPHONEOS_DEPLOYMENT_TARGET = 11.3;
				MTL_ENABLE_DEBUG_INFO = NO;
				SDKROOT = iphoneos;
				SWIFT_COMPILATION_MODE = wholemodule;
				SWIFT_OPTIMIZATION_LEVEL = "-O";
				VALIDATE_PRODUCT = YES;
			};
			name = Release;
		};
		21E5A3BF20C6921F00545055 /* Debug */ = {
			isa = XCBuildConfiguration;
			buildSettings = {
				ASSETCATALOG_COMPILER_APPICON_NAME = AppIcon;
				CODE_SIGN_STYLE = Automatic;
				INFOPLIST_FILE = "３、配列、If、クラス/Info.plist";
				LD_RUNPATH_SEARCH_PATHS = (
					"$(inherited)",
					"@executable_path/Frameworks",
				);
				PRODUCT_BUNDLE_IDENTIFIER = "com.SakuraOno.-----If----";
				PRODUCT_NAME = "$(TARGET_NAME)";
				SWIFT_VERSION = 4.0;
				TARGETED_DEVICE_FAMILY = "1,2";
			};
			name = Debug;
		};
		21E5A3C020C6921F00545055 /* Release */ = {
			isa = XCBuildConfiguration;
			buildSettings = {
				ASSETCATALOG_COMPILER_APPICON_NAME = AppIcon;
				CODE_SIGN_STYLE = Automatic;
				INFOPLIST_FILE = "３、配列、If、クラス/Info.plist";
				LD_RUNPATH_SEARCH_PATHS = (
					"$(inherited)",
					"@executable_path/Frameworks",
				);
				PRODUCT_BUNDLE_IDENTIFIER = "com.SakuraOno.-----If----";
				PRODUCT_NAME = "$(TARGET_NAME)";
				SWIFT_VERSION = 4.0;
				TARGETED_DEVICE_FAMILY = "1,2";
			};
			name = Release;
		};
/* End XCBuildConfiguration section */

/* Begin XCConfigurationList section */
		21E5A3A720C6921500545055 /* Build configuration list for PBXProject "３、配列、If、クラス" */ = {
			isa = XCConfigurationList;
			buildConfigurations = (
				21E5A3BC20C6921F00545055 /* Debug */,
				21E5A3BD20C6921F00545055 /* Release */,
			);
			defaultConfigurationIsVisible = 0;
			defaultConfigurationName = Release;
		};
		21E5A3BE20C6921F00545055 /* Build configuration list for PBXNativeTarget "３、配列、If、クラス" */ = {
			isa = XCConfigurationList;
			buildConfigurations = (
				21E5A3BF20C6921F00545055 /* Debug */,
				21E5A3C020C6921F00545055 /* Release */,
			);
			defaultConfigurationIsVisible = 0;
			defaultConfigurationName = Release;
		};
/* End XCConfigurationList section */
	};
	rootObject = 21E5A3A420C6921500545055 /* Project object */;
}
